
Microsoft Visual Studio Solution File, Format Version 12.00
# Visual Studio Version 17
VisualStudioVersion = 17.9.34728.123
MinimumVisualStudioVersion = 10.0.40219.1
Project("{FAE04EC0-301F-11D3-BF4B-00C04F79EFBC}") = "ApiPeaje", "ApiPeaje\ApiPeaje.csproj", "{F6600D04-4D8E-42FF-9147-03479F31C5E9}"
EndProject
Global
	GlobalSection(SolutionConfigurationPlatforms) = preSolution
		Debug|Any CPU = Debug|Any CPU
		Release|Any CPU = Release|Any CPU
	EndGlobalSection
	GlobalSection(ProjectConfigurationPlatforms) = postSolution
		{F6600D04-4D8E-42FF-9147-03479F31C5E9}.Debug|Any CPU.ActiveCfg = Debug|Any CPU
		{F6600D04-4D8E-42FF-9147-03479F31C5E9}.Debug|Any CPU.Build.0 = Debug|Any CPU
		{F6600D04-4D8E-42FF-9147-03479F31C5E9}.Release|Any CPU.ActiveCfg = Release|Any CPU
		{F6600D04-4D8E-42FF-9147-03479F31C5E9}.Release|Any CPU.Build.0 = Release|Any CPU
	EndGlobalSection
	GlobalSection(SolutionProperties) = preSolution
		HideSolutionNode = FALSE
	EndGlobalSection
	GlobalSection(ExtensibilityGlobals) = postSolution
		SolutionGuid = {6F79878D-7136-47F8-B419-DFCB097A75CC}
	EndGlobalSection
EndGlobal
